{
	"name": "ff0000-ad-tech-builder",
	"version": "1.0.0",
	"lockfileVersion": 1,
	"requires": true,
	"dependencies": {
		"@ff0000-ad-tech/ad-assets": {
			"version": "3.0.0",
			"resolved": "https://registry.npmjs.org/@ff0000-ad-tech/ad-assets/-/ad-assets-3.0.0.tgz",
			"integrity": "sha512-SErbj7Y/H25XMhiEu/7kb9Yy+KfMUP32L1lRf5q4IvWHTg4yn10/tmNn7PemxwAEv8cmt+9DSTmY1CkDmEBBhQ=="
		},
		"@ff0000-ad-tech/ad-canvas": {
			"version": "1.4.1",
			"resolved": "https://registry.npmjs.org/@ff0000-ad-tech/ad-canvas/-/ad-canvas-1.4.1.tgz",
			"integrity": "sha512-R1lVuLDK9Eonsk8pFAC9RPmf8DbLh76sNtyC0ypzscp63IhTDg6a3EBw0QbIgIc5yuQ9Nj1QthF5Ic0/LfvEyw==",
			"requires": {
				"@ff0000-ad-tech/ad-control": "^3.1.0",
				"@ff0000-ad-tech/ad-events": "^1.1.3",
				"@ff0000-ad-tech/ad-external": "^3.0.1",
				"@ff0000-ad-tech/ad-geom": "^1.1.1",
				"@ff0000-ad-tech/ad-legacy": "^1.0.1",
				"@ff0000-ad-tech/ad-ui": "^1.3.1",
				"@ff0000-ad-tech/ad-utils": "^2.0.0",
				"@ff0000-ad-tech/ad-view": "^1.1.1"
			},
			"dependencies": {
				"@ff0000-ad-tech/ad-control": {
					"version": "3.2.1",
					"resolved": "https://registry.npmjs.org/@ff0000-ad-tech/ad-control/-/ad-control-3.2.1.tgz",
					"integrity": "sha512-+fWpVxY2D0GhndQxDeD3rq8vXVVs5e0bNJgORqkLnEh4EPLmlXrRm8MiMa01Wx95kk7W5KUD7i8Qq6RqE3/X8A==",
					"requires": {
						"@ff0000-ad-tech/ad-events": "^1.1.3",
						"@ff0000-ad-tech/ad-external": "^3.0.1",
						"@ff0000-ad-tech/ad-geom": "^1.1.1",
						"@ff0000-ad-tech/ad-load": "^2.1.0",
						"@ff0000-ad-tech/ad-utils": "^2.0.0",
						"@ff0000-ad-tech/ad-view": "^1.1.1"
					}
				}
			}
		},
		"@ff0000-ad-tech/ad-control": {
			"version": "6.0.2",
			"resolved": "https://registry.npmjs.org/@ff0000-ad-tech/ad-control/-/ad-control-6.0.2.tgz",
			"integrity": "sha512-zVKR9DelHhqSwpDtV5VBIAV/nhmka9ReIjGlQdMlF2uMXioTAWHzRdzpU+3vvMyokBQPKG60nS52ZiWC4Rpehw==",
			"requires": {
				"youtube-player": "^5.5.2"
			}
		},
		"@ff0000-ad-tech/ad-dates": {
			"version": "4.1.3",
			"resolved": "https://registry.npmjs.org/@ff0000-ad-tech/ad-dates/-/ad-dates-4.1.3.tgz",
			"integrity": "sha512-gbHvmKjm34/pqiby27/okGfenHo7pkoBX5//66dlYYdPvHG81XO/fviECGsDIBZIPHggzS2aewJ6d9Vf4ZWY6w==",
			"requires": {
				"@ff0000-ad-tech/ad-canvas": "^1.1.6",
				"@ff0000-ad-tech/ad-control": "^3.1.0",
				"@ff0000-ad-tech/ad-events": "^1.1.3",
				"@ff0000-ad-tech/ad-external": "^3.0.1",
				"@ff0000-ad-tech/ad-global": "^2.0.1",
				"@ff0000-ad-tech/ad-load": "^2.1.0",
				"@ff0000-ad-tech/ad-ui": "^1.3.1",
				"@ff0000-ad-tech/ad-utils": "^2.0.0",
				"@ff0000-ad-tech/ad-video": "^1.0.5",
				"@ff0000-ad-tech/ad-view": "^1.1.1"
			},
			"dependencies": {
				"@ff0000-ad-tech/ad-control": {
					"version": "3.2.1",
					"resolved": "https://registry.npmjs.org/@ff0000-ad-tech/ad-control/-/ad-control-3.2.1.tgz",
					"integrity": "sha512-+fWpVxY2D0GhndQxDeD3rq8vXVVs5e0bNJgORqkLnEh4EPLmlXrRm8MiMa01Wx95kk7W5KUD7i8Qq6RqE3/X8A==",
					"requires": {
						"@ff0000-ad-tech/ad-events": "^1.1.3",
						"@ff0000-ad-tech/ad-external": "^3.0.1",
						"@ff0000-ad-tech/ad-geom": "^1.1.1",
						"@ff0000-ad-tech/ad-load": "^2.1.0",
						"@ff0000-ad-tech/ad-utils": "^2.0.0",
						"@ff0000-ad-tech/ad-view": "^1.1.1"
					}
				},
				"@ff0000-ad-tech/ad-global": {
					"version": "2.2.0",
					"resolved": "https://registry.npmjs.org/@ff0000-ad-tech/ad-global/-/ad-global-2.2.0.tgz",
					"integrity": "sha512-9cadeogw01rP4ptQzHWoLqAn3GRskjS2TxGi0nubrSEhmaZEUQRo2YRuscNb4umuXg0ZCSfFqX9NV08/jZ3Eiw=="
				}
			}
		},
		"@ff0000-ad-tech/ad-entry": {
			"version": "3.1.0",
			"resolved": "https://registry.npmjs.org/@ff0000-ad-tech/ad-entry/-/ad-entry-3.1.0.tgz",
			"integrity": "sha512-TO/7i2av3rjdPfH26HzZ3hmPV5pjSQKIn0T5RrDr6RPbQjbODXTQxrUPvZVyCJkc4z408ua7RrqdtvfqfbobmQ=="
		},
		"@ff0000-ad-tech/ad-events": {
			"version": "1.2.0",
			"resolved": "https://registry.npmjs.org/@ff0000-ad-tech/ad-events/-/ad-events-1.2.0.tgz",
			"integrity": "sha512-Gf3ObeVqcGTsnA7aA8sXZI6QN/g2URiqWQCs8Qn8epHr2cMRgr1Nv3/Den4jsSrjii2rxzk+HzLclEW6URj0mQ==",
			"requires": {
				"@ff0000-ad-tech/ad-external": "^3.0.1",
				"@ff0000-ad-tech/ad-polyfills": "^1.0.3",
				"@ff0000-ad-tech/ad-view": "^1.1.1"
			}
		},
		"@ff0000-ad-tech/ad-external": {
			"version": "3.1.0",
			"resolved": "https://registry.npmjs.org/@ff0000-ad-tech/ad-external/-/ad-external-3.1.0.tgz",
			"integrity": "sha512-MDeIfwy1mkOMjwh7B+S+MiIICNCpwdXfTldCeR1hVacu0SMKY3jfvHjiuAhWtifjPW8SPahrDyPAmAWfSvHUHA==",
			"requires": {
				"@ff0000-ad-tech/ad-dates": "^4.1.3",
				"@ff0000-ad-tech/ad-legacy": "^1.0.1",
				"@ff0000-ad-tech/ad-load": "^2.1.0",
				"@ff0000-ad-tech/ad-utils": "^2.0.0"
			},
			"dependencies": {
				"@ff0000-ad-tech/ad-control": {
					"version": "3.2.1",
					"resolved": "https://registry.npmjs.org/@ff0000-ad-tech/ad-control/-/ad-control-3.2.1.tgz",
					"integrity": "sha512-+fWpVxY2D0GhndQxDeD3rq8vXVVs5e0bNJgORqkLnEh4EPLmlXrRm8MiMa01Wx95kk7W5KUD7i8Qq6RqE3/X8A==",
					"requires": {
						"@ff0000-ad-tech/ad-events": "^1.1.3",
						"@ff0000-ad-tech/ad-external": "^3.0.1",
						"@ff0000-ad-tech/ad-geom": "^1.1.1",
						"@ff0000-ad-tech/ad-load": "^2.1.0",
						"@ff0000-ad-tech/ad-utils": "^2.0.0",
						"@ff0000-ad-tech/ad-view": "^1.1.1"
					}
				},
				"@ff0000-ad-tech/ad-dates": {
					"version": "4.1.3",
					"resolved": "https://registry.npmjs.org/@ff0000-ad-tech/ad-dates/-/ad-dates-4.1.3.tgz",
					"integrity": "sha512-gbHvmKjm34/pqiby27/okGfenHo7pkoBX5//66dlYYdPvHG81XO/fviECGsDIBZIPHggzS2aewJ6d9Vf4ZWY6w==",
					"requires": {
						"@ff0000-ad-tech/ad-canvas": "^1.1.6",
						"@ff0000-ad-tech/ad-control": "^3.1.0",
						"@ff0000-ad-tech/ad-events": "^1.1.3",
						"@ff0000-ad-tech/ad-external": "^3.0.1",
						"@ff0000-ad-tech/ad-global": "^2.0.1",
						"@ff0000-ad-tech/ad-load": "^2.1.0",
						"@ff0000-ad-tech/ad-ui": "^1.3.1",
						"@ff0000-ad-tech/ad-utils": "^2.0.0",
						"@ff0000-ad-tech/ad-video": "^1.0.5",
						"@ff0000-ad-tech/ad-view": "^1.1.1"
					}
				},
				"@ff0000-ad-tech/ad-global": {
					"version": "2.2.0",
					"resolved": "https://registry.npmjs.org/@ff0000-ad-tech/ad-global/-/ad-global-2.2.0.tgz",
					"integrity": "sha512-9cadeogw01rP4ptQzHWoLqAn3GRskjS2TxGi0nubrSEhmaZEUQRo2YRuscNb4umuXg0ZCSfFqX9NV08/jZ3Eiw=="
				}
			}
		},
		"@ff0000-ad-tech/ad-geom": {
			"version": "1.3.1",
			"resolved": "https://registry.npmjs.org/@ff0000-ad-tech/ad-geom/-/ad-geom-1.3.1.tgz",
			"integrity": "sha512-t5vlvaWdd45iofBYsygXCfgXqOtUeB/td9W/Ng0Ttrd+2v0Ru90VrMgMrG9cbfiarmkI4kXFmHPyqP4KpSdRFg==",
			"requires": {
				"@ff0000-ad-tech/ad-utils": "^2.0.0"
			}
		},
		"@ff0000-ad-tech/ad-global": {
			"version": "3.1.0",
			"resolved": "https://registry.npmjs.org/@ff0000-ad-tech/ad-global/-/ad-global-3.1.0.tgz",
			"integrity": "sha512-2nIe1Fgtf4aan3J3cWplQ5Fl5Sedl/AFrfUAldc4dtLCh+75eV+GJjLVKMRuA0MUlMAhrm04vYMEr0RftnkFIw=="
		},
		"@ff0000-ad-tech/ad-legacy": {
			"version": "1.2.0",
			"resolved": "https://registry.npmjs.org/@ff0000-ad-tech/ad-legacy/-/ad-legacy-1.2.0.tgz",
			"integrity": "sha512-WbHTOJb8saS+JcoHQMYQfLdaFysX5gGWP5YV0adFNOXxB14wZqphrRO+Dit5hFPDqD292r6wSddAYaQ/UQOM8A==",
			"requires": {
				"@ff0000-ad-tech/ad-events": "^1.1.3",
				"@ff0000-ad-tech/ad-utils": "^2.0.0",
				"@ff0000-ad-tech/ad-view": "^1.1.1"
			}
		},
		"@ff0000-ad-tech/ad-load": {
			"version": "2.2.1",
			"resolved": "https://registry.npmjs.org/@ff0000-ad-tech/ad-load/-/ad-load-2.2.1.tgz",
			"integrity": "sha512-O757o1eLCEIltloLBTWCogQM43Qp6RkwyOlw7KrXOsKybHHkbi0GuCA/jF739j9czSOqXCOWHRARiZfGPhI3jg==",
			"requires": {
				"@ff0000-ad-tech/ad-global": "^2.0.1"
			},
			"dependencies": {
				"@ff0000-ad-tech/ad-global": {
					"version": "2.2.0",
					"resolved": "https://registry.npmjs.org/@ff0000-ad-tech/ad-global/-/ad-global-2.2.0.tgz",
					"integrity": "sha512-9cadeogw01rP4ptQzHWoLqAn3GRskjS2TxGi0nubrSEhmaZEUQRo2YRuscNb4umuXg0ZCSfFqX9NV08/jZ3Eiw=="
				}
			}
		},
		"@ff0000-ad-tech/ad-particles": {
			"version": "2.1.0",
			"resolved": "https://registry.npmjs.org/@ff0000-ad-tech/ad-particles/-/ad-particles-2.1.0.tgz",
			"integrity": "sha512-pnJjaXsJVdbIWCOvNqQK4Ds2ALHSDtOEFAMAeTqeNoBrPGXg8evIeJ6SDntmXm0Gi9gfYohjNxyop//Rric/DQ==",
			"requires": {
				"@ff0000-ad-tech/ad-geom": "^1.1.1",
				"@ff0000-ad-tech/ad-ui": "^1.3.1",
				"@ff0000-ad-tech/ad-utils": "^2.0.0"
			}
		},
		"@ff0000-ad-tech/ad-polyfills": {
			"version": "1.1.0",
			"resolved": "https://registry.npmjs.org/@ff0000-ad-tech/ad-polyfills/-/ad-polyfills-1.1.0.tgz",
			"integrity": "sha512-Ifaj2jiH27ApxSBNyOlbxdpqihSF2r9Qiq0eezMNNjch3IbXLSVCbO/haS+KbPRysTFDkTvc+A1ux+5DrPwg9Q=="
		},
		"@ff0000-ad-tech/ad-ui": {
			"version": "1.7.0",
			"resolved": "https://registry.npmjs.org/@ff0000-ad-tech/ad-ui/-/ad-ui-1.7.0.tgz",
			"integrity": "sha512-M9KSay4Gnec7L5dlCUrjVkqHWNA6A2hR7iZpwqgX1y1HownbTfV2SqhDDBeJMXI49omLtDJ9LxdAvtIPWg1gOw==",
			"requires": {
				"@ff0000-ad-tech/ad-control": "^3.1.0",
				"@ff0000-ad-tech/ad-events": "^1.1.3",
				"@ff0000-ad-tech/ad-utils": "^2.0.0",
				"@ff0000-ad-tech/ad-view": "^1.1.1"
			},
			"dependencies": {
				"@ff0000-ad-tech/ad-control": {
					"version": "3.2.1",
					"resolved": "https://registry.npmjs.org/@ff0000-ad-tech/ad-control/-/ad-control-3.2.1.tgz",
					"integrity": "sha512-+fWpVxY2D0GhndQxDeD3rq8vXVVs5e0bNJgORqkLnEh4EPLmlXrRm8MiMa01Wx95kk7W5KUD7i8Qq6RqE3/X8A==",
					"requires": {
						"@ff0000-ad-tech/ad-events": "^1.1.3",
						"@ff0000-ad-tech/ad-external": "^3.0.1",
						"@ff0000-ad-tech/ad-geom": "^1.1.1",
						"@ff0000-ad-tech/ad-load": "^2.1.0",
						"@ff0000-ad-tech/ad-utils": "^2.0.0",
						"@ff0000-ad-tech/ad-view": "^1.1.1"
					}
				}
			}
		},
		"@ff0000-ad-tech/ad-utils": {
			"version": "2.3.1",
			"resolved": "https://registry.npmjs.org/@ff0000-ad-tech/ad-utils/-/ad-utils-2.3.1.tgz",
			"integrity": "sha512-FB2yGRVvppk3HriTz/PUbbNWbsJ3eGmKbDieQy+19bZYun1ELwPOrHPYdknkYxnVRYFldLs+r07WfdNgpe8i+A==",
			"requires": {
				"@ff0000-ad-tech/ad-video": "^1.0.5",
				"@ff0000-ad-tech/ad-view": "^1.1.1"
			}
		},
		"@ff0000-ad-tech/ad-video": {
			"version": "1.2.2",
			"resolved": "https://registry.npmjs.org/@ff0000-ad-tech/ad-video/-/ad-video-1.2.2.tgz",
			"integrity": "sha512-d3MvAAm3sQ7b70RkSN4ZnYzsyORNLPt01nGCgZFi2UlaF58+oo3SAJVzwA/Bfnt+P10MAmILwmn4kXP1cDmoyA==",
			"requires": {
				"@ff0000-ad-tech/ad-canvas": "^1.1.6",
				"@ff0000-ad-tech/ad-control": "^3.1.0",
				"@ff0000-ad-tech/ad-events": "^1.1.3",
				"@ff0000-ad-tech/ad-external": "^3.0.1",
				"@ff0000-ad-tech/ad-load": "^2.1.0",
				"@ff0000-ad-tech/ad-ui": "^1.3.1",
				"@ff0000-ad-tech/ad-view": "^1.1.1"
			},
			"dependencies": {
				"@ff0000-ad-tech/ad-control": {
					"version": "3.2.1",
					"resolved": "https://registry.npmjs.org/@ff0000-ad-tech/ad-control/-/ad-control-3.2.1.tgz",
					"integrity": "sha512-+fWpVxY2D0GhndQxDeD3rq8vXVVs5e0bNJgORqkLnEh4EPLmlXrRm8MiMa01Wx95kk7W5KUD7i8Qq6RqE3/X8A==",
					"requires": {
						"@ff0000-ad-tech/ad-events": "^1.1.3",
						"@ff0000-ad-tech/ad-external": "^3.0.1",
						"@ff0000-ad-tech/ad-geom": "^1.1.1",
						"@ff0000-ad-tech/ad-load": "^2.1.0",
						"@ff0000-ad-tech/ad-utils": "^2.0.0",
						"@ff0000-ad-tech/ad-view": "^1.1.1"
					}
				}
			}
		},
		"@ff0000-ad-tech/ad-view": {
			"version": "1.5.0",
			"resolved": "https://registry.npmjs.org/@ff0000-ad-tech/ad-view/-/ad-view-1.5.0.tgz",
			"integrity": "sha512-AvrUI9lOF1VmMa1HDBFriQRKVY48RKduKo9WmlUmlMlT05jBF7Al9rlvXwpdr1RwgDO/8v2gN7HRJjpBLS5wPw==",
			"requires": {
				"@ff0000-ad-tech/ad-control": "^3.1.0",
				"@ff0000-ad-tech/ad-events": "^1.1.3",
				"@ff0000-ad-tech/ad-external": "^3.0.1",
				"@ff0000-ad-tech/ad-geom": "^1.1.1",
				"@ff0000-ad-tech/ad-legacy": "^1.0.1",
				"@ff0000-ad-tech/ad-ui": "^1.3.1",
				"@ff0000-ad-tech/ad-utils": "^2.0.0"
			},
			"dependencies": {
				"@ff0000-ad-tech/ad-control": {
					"version": "3.2.1",
					"resolved": "https://registry.npmjs.org/@ff0000-ad-tech/ad-control/-/ad-control-3.2.1.tgz",
					"integrity": "sha512-+fWpVxY2D0GhndQxDeD3rq8vXVVs5e0bNJgORqkLnEh4EPLmlXrRm8MiMa01Wx95kk7W5KUD7i8Qq6RqE3/X8A==",
					"requires": {
						"@ff0000-ad-tech/ad-events": "^1.1.3",
						"@ff0000-ad-tech/ad-external": "^3.0.1",
						"@ff0000-ad-tech/ad-geom": "^1.1.1",
						"@ff0000-ad-tech/ad-load": "^2.1.0",
						"@ff0000-ad-tech/ad-utils": "^2.0.0",
						"@ff0000-ad-tech/ad-view": "^1.1.1"
					}
				}
			}
		},
		"debug": {
			"version": "2.6.9",
			"resolved": "https://registry.npmjs.org/debug/-/debug-2.6.9.tgz",
			"integrity": "sha512-bC7ElrdJaJnPbAP+1EotYvqZsb3ecl5wi6Bfi6BJTUcNowp6cvspg0jXznRTKDjm/E7AdgFBVeAPVMNcKGsHMA==",
			"requires": {
				"ms": "2.0.0"
			}
		},
		"load-script": {
			"version": "1.0.0",
			"resolved": "https://registry.npmjs.org/load-script/-/load-script-1.0.0.tgz",
			"integrity": "sha1-BJGTngvuVkPuSUp+PaPSuscMbKQ="
		},
		"ms": {
			"version": "2.0.0",
			"resolved": "https://registry.npmjs.org/ms/-/ms-2.0.0.tgz",
			"integrity": "sha1-VgiurfwAvmwpAd9fmGF4jeDVl8g="
		},
		"preact": {
			"version": "10.5.13",
			"resolved": "https://registry.npmjs.org/preact/-/preact-10.5.13.tgz",
			"integrity": "sha512-q/vlKIGNwzTLu+jCcvywgGrt+H/1P/oIRSD6mV4ln3hmlC+Aa34C7yfPI4+5bzW8pONyVXYS7SvXosy2dKKtWQ=="
		},
		"promise-polyfill": {
			"version": "8.2.0",
			"resolved": "https://registry.npmjs.org/promise-polyfill/-/promise-polyfill-8.2.0.tgz",
			"integrity": "sha512-k/TC0mIcPVF6yHhUvwAp7cvL6I2fFV7TzF1DuGPI8mBh4QQazf36xCKEHKTZKRysEoTQoQdKyP25J8MPJp7j5g=="
		},
		"sister": {
			"version": "3.0.2",
			"resolved": "https://registry.npmjs.org/sister/-/sister-3.0.2.tgz",
			"integrity": "sha512-p19rtTs+NksBRKW9qn0UhZ8/TUI9BPw9lmtHny+Y3TinWlOa9jWh9xB0AtPSdmOy49NJJJSSe0Ey4C7h0TrcYA=="
		},
		"youtube-player": {
			"version": "5.5.2",
			"resolved": "https://registry.npmjs.org/youtube-player/-/youtube-player-5.5.2.tgz",
			"integrity": "sha512-ZGtsemSpXnDky2AUYWgxjaopgB+shFHgXVpiJFeNB5nWEugpW1KWYDaHKuLqh2b67r24GtP6HoSW5swvf0fFIQ==",
			"requires": {
				"debug": "^2.6.6",
				"load-script": "^1.0.0",
				"sister": "^3.0.0"
			}
		}
	}
}
