{
	"name": "ff0000-ad-tech-builder",
	"version": "1.0.0",
	"lockfileVersion": 1,
	"requires": true,
	"dependencies": {
		"@ff0000-ad-tech/ad-animation": {
			"version": "1.4.0",
			"resolved": "https://registry.npmjs.org/@ff0000-ad-tech/ad-animation/-/ad-animation-1.4.0.tgz",
			"integrity": "sha512-9fP6ufPXoQVzMzJKtDUNb6ljOWTaS3DYIO/OGEC/LRGBxYd0dOkMuwqNNp34kdJIpRE+ucXfDoGsYBlCHclBkg==",
			"requires": {
				"@ff0000-ad-tech/ad-control": "^3.1.0",
				"@ff0000-ad-tech/ad-events": "^1.1.3",
				"@ff0000-ad-tech/ad-particles": "^2.0.0",
				"@ff0000-ad-tech/ad-ui": "^1.3.1",
				"@ff0000-ad-tech/ad-utils": "^2.0.0",
				"@ff0000-ad-tech/ad-view": "^1.1.1"
			}
		},
		"@ff0000-ad-tech/ad-assets": {
			"version": "1.1.0",
			"resolved": "https://registry.npmjs.org/@ff0000-ad-tech/ad-assets/-/ad-assets-1.1.0.tgz",
			"integrity": "sha512-+urrR1x9NtNsffve7hw30LwAGEJrzvGYQYIen43ReQhnMd4aGXiZ97ba3og0vy8TCaLqqrRtVZIggU0DK4Y70g=="
		},
		"@ff0000-ad-tech/ad-canvas": {
			"version": "1.2.0",
			"resolved": "https://registry.npmjs.org/@ff0000-ad-tech/ad-canvas/-/ad-canvas-1.2.0.tgz",
			"integrity": "sha512-UbUq6ocOyJze85UmKy2+M9P0YdP+cnBGfFpki03afMghJzo+72Sw/fiNdLHwXDx8mQT1azDakKa61dKYytE1+w==",
			"requires": {
				"@ff0000-ad-tech/ad-control": "^3.1.0",
				"@ff0000-ad-tech/ad-events": "^1.1.3",
				"@ff0000-ad-tech/ad-external": "^3.0.1",
				"@ff0000-ad-tech/ad-geom": "^1.1.1",
				"@ff0000-ad-tech/ad-legacy": "^1.0.1",
				"@ff0000-ad-tech/ad-ui": "^1.3.1",
				"@ff0000-ad-tech/ad-utils": "^2.0.0",
				"@ff0000-ad-tech/ad-view": "^1.1.1"
			}
		},
		"@ff0000-ad-tech/ad-control": {
			"version": "3.2.0",
			"resolved": "https://registry.npmjs.org/@ff0000-ad-tech/ad-control/-/ad-control-3.2.0.tgz",
			"integrity": "sha512-NIyuvFHdhRRNkBEcO51BilFo77ARVGIYBrL0CVuiULAS+d5L5Pj7bzaDKIHMTg+WfUQU4R8Bkl/exeHJkf/I8A==",
			"requires": {
				"@ff0000-ad-tech/ad-events": "^1.1.3",
				"@ff0000-ad-tech/ad-external": "^3.0.1",
				"@ff0000-ad-tech/ad-geom": "^1.1.1",
				"@ff0000-ad-tech/ad-load": "^2.1.0",
				"@ff0000-ad-tech/ad-utils": "^2.0.0",
				"@ff0000-ad-tech/ad-view": "^1.1.1"
			}
		},
		"@ff0000-ad-tech/ad-dates": {
			"version": "4.1.1",
			"resolved": "https://registry.npmjs.org/@ff0000-ad-tech/ad-dates/-/ad-dates-4.1.1.tgz",
			"integrity": "sha512-mOP8v6eZWtxfE3IT2XzSHSj0R3aoPE7kg6iJCPVsCXLM5N6GF3A2KobN5KGb1OtY5AB5BiWDlELHJq0erbyH9w==",
			"requires": {
				"@ff0000-ad-tech/ad-canvas": "^1.1.6",
				"@ff0000-ad-tech/ad-control": "^3.1.0",
				"@ff0000-ad-tech/ad-events": "^1.1.3",
				"@ff0000-ad-tech/ad-external": "^3.0.1",
				"@ff0000-ad-tech/ad-global": "^2.0.1",
				"@ff0000-ad-tech/ad-load": "^2.1.0",
				"@ff0000-ad-tech/ad-ui": "^1.3.1",
				"@ff0000-ad-tech/ad-utils": "^2.0.0",
				"@ff0000-ad-tech/ad-video": "^1.0.5",
				"@ff0000-ad-tech/ad-view": "^1.1.1"
			}
		},
		"@ff0000-ad-tech/ad-entry": {
			"version": "1.4.1",
			"resolved": "https://registry.npmjs.org/@ff0000-ad-tech/ad-entry/-/ad-entry-1.4.1.tgz",
			"integrity": "sha512-YKt+dPYRNn5KdesgrpNFIhSyYvPsth8ChuJwsoLte3Hz6UMH65KIipl0Cgr7i4zAO/mHGi9JHZpb+HutwXOvOQ=="
		},
		"@ff0000-ad-tech/ad-events": {
			"version": "1.2.0",
			"resolved": "https://registry.npmjs.org/@ff0000-ad-tech/ad-events/-/ad-events-1.2.0.tgz",
			"integrity": "sha512-Gf3ObeVqcGTsnA7aA8sXZI6QN/g2URiqWQCs8Qn8epHr2cMRgr1Nv3/Den4jsSrjii2rxzk+HzLclEW6URj0mQ==",
			"requires": {
				"@ff0000-ad-tech/ad-external": "^3.0.1",
				"@ff0000-ad-tech/ad-polyfills": "^1.0.3",
				"@ff0000-ad-tech/ad-view": "^1.1.1"
			}
		},
		"@ff0000-ad-tech/ad-external": {
			"version": "3.1.0",
			"resolved": "https://registry.npmjs.org/@ff0000-ad-tech/ad-external/-/ad-external-3.1.0.tgz",
			"integrity": "sha512-MDeIfwy1mkOMjwh7B+S+MiIICNCpwdXfTldCeR1hVacu0SMKY3jfvHjiuAhWtifjPW8SPahrDyPAmAWfSvHUHA==",
			"requires": {
				"@ff0000-ad-tech/ad-dates": "latest",
				"@ff0000-ad-tech/ad-legacy": "^1.0.1",
				"@ff0000-ad-tech/ad-load": "^2.1.0",
				"@ff0000-ad-tech/ad-utils": "^2.0.0"
			},
			"dependencies": {
				"@ff0000-ad-tech/ad-dates": {
					"version": "4.1.1",
					"resolved": "https://registry.npmjs.org/@ff0000-ad-tech/ad-dates/-/ad-dates-4.1.1.tgz",
					"integrity": "sha512-mOP8v6eZWtxfE3IT2XzSHSj0R3aoPE7kg6iJCPVsCXLM5N6GF3A2KobN5KGb1OtY5AB5BiWDlELHJq0erbyH9w==",
					"requires": {
						"@ff0000-ad-tech/ad-canvas": "^1.1.6",
						"@ff0000-ad-tech/ad-control": "^3.1.0",
						"@ff0000-ad-tech/ad-events": "^1.1.3",
						"@ff0000-ad-tech/ad-external": "^3.0.1",
						"@ff0000-ad-tech/ad-global": "^2.0.1",
						"@ff0000-ad-tech/ad-load": "^2.1.0",
						"@ff0000-ad-tech/ad-ui": "^1.3.1",
						"@ff0000-ad-tech/ad-utils": "^2.0.0",
						"@ff0000-ad-tech/ad-video": "^1.0.5",
						"@ff0000-ad-tech/ad-view": "^1.1.1"
					}
				}
			}
		},
		"@ff0000-ad-tech/ad-geom": {
			"version": "1.2.0",
			"resolved": "https://registry.npmjs.org/@ff0000-ad-tech/ad-geom/-/ad-geom-1.2.0.tgz",
			"integrity": "sha512-32pCV4v3BYzKG50aLESHAXIi+JXUkyjeA3XldqoVVOrg85N/S+5/iRpgfEB7zWm3zEbGpGotEN4Oq6I0jfUMJw==",
			"requires": {
				"@ff0000-ad-tech/ad-utils": "^2.0.0"
			}
		},
		"@ff0000-ad-tech/ad-global": {
			"version": "2.1.0",
			"resolved": "https://registry.npmjs.org/@ff0000-ad-tech/ad-global/-/ad-global-2.1.0.tgz",
			"integrity": "sha512-nitOEw1ZY1BBCaCEgciCj+CM96+4w9yvrxARmAYXYiQetglut/coPYyPZZYboD+dwdWU6ccWI+3upLq/ya9gUg=="
		},
		"@ff0000-ad-tech/ad-legacy": {
			"version": "1.1.0",
			"resolved": "https://registry.npmjs.org/@ff0000-ad-tech/ad-legacy/-/ad-legacy-1.1.0.tgz",
			"integrity": "sha512-f7Yc8+CwvCU7NjlQI2l+qsOJ+ZgSQCjq+OKFfXwDeYFeQYiCaQrsyb2T4qWkS9Gcz+Adlr2anxzGa5DPnY5lcg==",
			"requires": {
				"@ff0000-ad-tech/ad-events": "^1.1.3",
				"@ff0000-ad-tech/ad-utils": "^2.0.0",
				"@ff0000-ad-tech/ad-view": "^1.1.1"
			}
		},
		"@ff0000-ad-tech/ad-load": {
			"version": "2.2.0",
			"resolved": "https://registry.npmjs.org/@ff0000-ad-tech/ad-load/-/ad-load-2.2.0.tgz",
			"integrity": "sha512-jxE5GVqPUd6OrIDP9I6c9Vu2Q4OP9C8MdUBQ8HKzfiQDs6JY6fvxa0mr7JACAkHm58WDk4+wVCHQZtkG64nSJg==",
			"requires": {
				"@ff0000-ad-tech/ad-global": "^2.0.1"
			}
		},
		"@ff0000-ad-tech/ad-particles": {
			"version": "2.1.0",
			"resolved": "https://registry.npmjs.org/@ff0000-ad-tech/ad-particles/-/ad-particles-2.1.0.tgz",
			"integrity": "sha512-pnJjaXsJVdbIWCOvNqQK4Ds2ALHSDtOEFAMAeTqeNoBrPGXg8evIeJ6SDntmXm0Gi9gfYohjNxyop//Rric/DQ==",
			"requires": {
				"@ff0000-ad-tech/ad-geom": "^1.1.1",
				"@ff0000-ad-tech/ad-ui": "^1.3.1",
				"@ff0000-ad-tech/ad-utils": "^2.0.0"
			}
		},
		"@ff0000-ad-tech/ad-polyfills": {
			"version": "1.1.0",
			"resolved": "https://registry.npmjs.org/@ff0000-ad-tech/ad-polyfills/-/ad-polyfills-1.1.0.tgz",
			"integrity": "sha512-Ifaj2jiH27ApxSBNyOlbxdpqihSF2r9Qiq0eezMNNjch3IbXLSVCbO/haS+KbPRysTFDkTvc+A1ux+5DrPwg9Q=="
		},
		"@ff0000-ad-tech/ad-ui": {
			"version": "1.4.0",
			"resolved": "https://registry.npmjs.org/@ff0000-ad-tech/ad-ui/-/ad-ui-1.4.0.tgz",
			"integrity": "sha512-cXMTFHZxkSSBpHPP6T/1fUBReWrTZ/T/yzeFbVH8SDriatUI+Vv5trZRdnw6h2Qk0fv2JdZfS821aemodHiv8g==",
			"requires": {
				"@ff0000-ad-tech/ad-control": "^3.1.0",
				"@ff0000-ad-tech/ad-events": "^1.1.3",
				"@ff0000-ad-tech/ad-utils": "^2.0.0",
				"@ff0000-ad-tech/ad-view": "^1.1.1"
			}
		},
		"@ff0000-ad-tech/ad-utils": {
			"version": "2.1.0",
			"resolved": "https://registry.npmjs.org/@ff0000-ad-tech/ad-utils/-/ad-utils-2.1.0.tgz",
			"integrity": "sha512-jGHxwuf680uA82QYE9RAfdAEN8c12Rs46Gk72w5uSwomRzLJXGAbvHO65Pp+Xqff8vMvNMXhYu9YsbAB1vMChw==",
			"requires": {
				"@ff0000-ad-tech/ad-video": "^1.0.5",
				"@ff0000-ad-tech/ad-view": "^1.1.1"
			}
		},
		"@ff0000-ad-tech/ad-velvet": {
			"version": "2.1.0",
			"resolved": "https://registry.npmjs.org/@ff0000-ad-tech/ad-velvet/-/ad-velvet-2.1.0.tgz",
			"integrity": "sha512-giesm75mBKYfOeUSWalm842g0jUNvK6ctlxzsHj7FPIPsda9T4PyRzSyzsseSiNfX451aag3cX+0jlNcTM6tjQ==",
			"requires": {
				"@ff0000-ad-tech/ad-canvas": "^1.1.6",
				"@ff0000-ad-tech/ad-control": "^3.1.0",
				"@ff0000-ad-tech/ad-dates": "latest",
				"@ff0000-ad-tech/ad-events": "^1.1.3",
				"@ff0000-ad-tech/ad-external": "^3.0.1",
				"@ff0000-ad-tech/ad-global": "^2.0.1",
				"@ff0000-ad-tech/ad-load": "^2.1.0",
				"@ff0000-ad-tech/ad-ui": "^1.3.1",
				"@ff0000-ad-tech/ad-utils": "^2.0.0",
				"@ff0000-ad-tech/ad-video": "^1.0.5",
				"@ff0000-ad-tech/ad-view": "^1.1.1"
			},
			"dependencies": {
				"@ff0000-ad-tech/ad-dates": {
					"version": "4.1.1",
					"resolved": "https://registry.npmjs.org/@ff0000-ad-tech/ad-dates/-/ad-dates-4.1.1.tgz",
					"integrity": "sha512-mOP8v6eZWtxfE3IT2XzSHSj0R3aoPE7kg6iJCPVsCXLM5N6GF3A2KobN5KGb1OtY5AB5BiWDlELHJq0erbyH9w==",
					"requires": {
						"@ff0000-ad-tech/ad-canvas": "^1.1.6",
						"@ff0000-ad-tech/ad-control": "^3.1.0",
						"@ff0000-ad-tech/ad-events": "^1.1.3",
						"@ff0000-ad-tech/ad-external": "^3.0.1",
						"@ff0000-ad-tech/ad-global": "^2.0.1",
						"@ff0000-ad-tech/ad-load": "^2.1.0",
						"@ff0000-ad-tech/ad-ui": "^1.3.1",
						"@ff0000-ad-tech/ad-utils": "^2.0.0",
						"@ff0000-ad-tech/ad-video": "^1.0.5",
						"@ff0000-ad-tech/ad-view": "^1.1.1"
					}
				}
			}
		},
		"@ff0000-ad-tech/ad-video": {
			"version": "1.1.0",
			"resolved": "https://registry.npmjs.org/@ff0000-ad-tech/ad-video/-/ad-video-1.1.0.tgz",
			"integrity": "sha512-CyWOf7EAAhKm0JW0jU7NSs61iavt/M7ZOd7mUAe0RFXwBkOiN+aj2Nuji2a0PfFv0dDDzPPclckqLZ3nOo4bKA==",
			"requires": {
				"@ff0000-ad-tech/ad-canvas": "^1.1.6",
				"@ff0000-ad-tech/ad-control": "^3.1.0",
				"@ff0000-ad-tech/ad-events": "^1.1.3",
				"@ff0000-ad-tech/ad-external": "^3.0.1",
				"@ff0000-ad-tech/ad-load": "^2.1.0",
				"@ff0000-ad-tech/ad-ui": "^1.3.1",
				"@ff0000-ad-tech/ad-view": "^1.1.1"
			}
		},
		"@ff0000-ad-tech/ad-view": {
			"version": "1.2.0",
			"resolved": "https://registry.npmjs.org/@ff0000-ad-tech/ad-view/-/ad-view-1.2.0.tgz",
			"integrity": "sha512-ONdhgir3Jv2Msp2BORfq/rimWnrELjd5jRaCb1iFfMxETwnXBBteXvoo69ooDGDqCgvtcFQOo14v0Qxfqrv6IA==",
			"requires": {
				"@ff0000-ad-tech/ad-control": "^3.1.0",
				"@ff0000-ad-tech/ad-events": "^1.1.3",
				"@ff0000-ad-tech/ad-external": "^3.0.1",
				"@ff0000-ad-tech/ad-geom": "^1.1.1",
				"@ff0000-ad-tech/ad-legacy": "^1.0.1",
				"@ff0000-ad-tech/ad-ui": "^1.3.1",
				"@ff0000-ad-tech/ad-utils": "^2.0.0"
			}
		}
	}
}
